
Microsoft Visual Studio Solution File, Format Version 12.00
# Visual Studio 15
VisualStudioVersion = 15.0.27428.2037
MinimumVisualStudioVersion = 10.0.40219.1
Project("{FAE04EC0-301F-11D3-BF4B-00C04F79EFBC}") = "QuickLaunch", "QuickLaunch\QuickLaunch.csproj", "{A5B36D55-DECE-4780-937D-CFBA9BD3726A}"
EndProject
Project("{FAE04EC0-301F-11D3-BF4B-00C04F79EFBC}") = "QuickLaunchManager", "QuickLaunchManager\QuickLaunchManager.csproj", "{F5924E76-49CC-4355-AF0D-149629A5FE22}"
EndProject
Global
	GlobalSection(SolutionConfigurationPlatforms) = preSolution
		Debug|Any CPU = Debug|Any CPU
		Release|Any CPU = Release|Any CPU
	EndGlobalSection
	GlobalSection(ProjectConfigurationPlatforms) = postSolution
		{A5B36D55-DECE-4780-937D-CFBA9BD3726A}.Debug|Any CPU.ActiveCfg = Debug|Any CPU
		{A5B36D55-DECE-4780-937D-CFBA9BD3726A}.Debug|Any CPU.Build.0 = Debug|Any CPU
		{A5B36D55-DECE-4780-937D-CFBA9BD3726A}.Release|Any CPU.ActiveCfg = Release|Any CPU
		{A5B36D55-DECE-4780-937D-CFBA9BD3726A}.Release|Any CPU.Build.0 = Release|Any CPU
		{F5924E76-49CC-4355-AF0D-149629A5FE22}.Debug|Any CPU.ActiveCfg = Debug|Any CPU
		{F5924E76-49CC-4355-AF0D-149629A5FE22}.Debug|Any CPU.Build.0 = Debug|Any CPU
		{F5924E76-49CC-4355-AF0D-149629A5FE22}.Release|Any CPU.ActiveCfg = Release|Any CPU
		{F5924E76-49CC-4355-AF0D-149629A5FE22}.Release|Any CPU.Build.0 = Release|Any CPU
	EndGlobalSection
	GlobalSection(SolutionProperties) = preSolution
		HideSolutionNode = FALSE
	EndGlobalSection
	GlobalSection(ExtensibilityGlobals) = postSolution
		SolutionGuid = {BE96DF1E-C8E6-4BE5-BF40-B7D3C8E50A98}
	EndGlobalSection
EndGlobal
